
Microsoft Visual Studio Solution File, Format Version 12.00
# Visual Studio 15
VisualStudioVersion = 15.0.27130.2036
MinimumVisualStudioVersion = 10.0.40219.1
Project("{FAE04EC0-301F-11D3-BF4B-00C04F79EFBC}") = "Webseal", "Webseal\Webseal.csproj", "{2644ADA2-D0AE-4CBF-92B1-F4402D47ABB5}"
EndProject
Project("{FAE04EC0-301F-11D3-BF4B-00C04F79EFBC}") = "Webseal.Tests", "Webseal.Tests\Webseal.Tests.csproj", "{8A2CB325-E423-4641-8493-FD3988FEE386}"
EndProject
Global
	GlobalSection(SolutionConfigurationPlatforms) = preSolution
		Debug|Any CPU = Debug|Any CPU
		Release|Any CPU = Release|Any CPU
	EndGlobalSection
	GlobalSection(ProjectConfigurationPlatforms) = postSolution
		{2644ADA2-D0AE-4CBF-92B1-F4402D47ABB5}.Debug|Any CPU.ActiveCfg = Debug|Any CPU
		{2644ADA2-D0AE-4CBF-92B1-F4402D47ABB5}.Debug|Any CPU.Build.0 = Debug|Any CPU
		{2644ADA2-D0AE-4CBF-92B1-F4402D47ABB5}.Release|Any CPU.ActiveCfg = Release|Any CPU
		{2644ADA2-D0AE-4CBF-92B1-F4402D47ABB5}.Release|Any CPU.Build.0 = Release|Any CPU
		{8A2CB325-E423-4641-8493-FD3988FEE386}.Debug|Any CPU.ActiveCfg = Debug|Any CPU
		{8A2CB325-E423-4641-8493-FD3988FEE386}.Debug|Any CPU.Build.0 = Debug|Any CPU
		{8A2CB325-E423-4641-8493-FD3988FEE386}.Release|Any CPU.ActiveCfg = Release|Any CPU
		{8A2CB325-E423-4641-8493-FD3988FEE386}.Release|Any CPU.Build.0 = Release|Any CPU
	EndGlobalSection
	GlobalSection(SolutionProperties) = preSolution
		HideSolutionNode = FALSE
	EndGlobalSection
	GlobalSection(ExtensibilityGlobals) = postSolution
		SolutionGuid = {DF899B0E-35AB-4D84-B80A-5E37E9A3A3D3}
	EndGlobalSection
EndGlobal
